// !$*UTF8*$!
{
	archiveVersion = 1;
	classes = {
	};
	objectVersion = 51;
	objects = {

/* Begin PBXBuildFile section */
		061BDFEC23E3B8A200DD0681 /* MovieDetailsViewController.swift in Sources */ = {isa = PBXBuildFile; fileRef = 061BDFEB23E3B8A200DD0681 /* MovieDetailsViewController.swift */; };
		061BDFEE23E3C43E00DD0681 /* MovieGridViewController.swift in Sources */ = {isa = PBXBuildFile; fileRef = 061BDFED23E3C43E00DD0681 /* MovieGridViewController.swift */; };
		064A1DCA23E3CD1100964537 /* MovieGridCell.swift in Sources */ = {isa = PBXBuildFile; fileRef = 064A1DC923E3CD1100964537 /* MovieGridCell.swift */; };
		06868B7F23E2A7D5008CBDD2 /* AppDelegate.swift in Sources */ = {isa = PBXBuildFile; fileRef = 06868B7E23E2A7D5008CBDD2 /* AppDelegate.swift */; };
		06868B8123E2A7D5008CBDD2 /* SceneDelegate.swift in Sources */ = {isa = PBXBuildFile; fileRef = 06868B8023E2A7D5008CBDD2 /* SceneDelegate.swift */; };
		06868B8623E2A7D5008CBDD2 /* Main.storyboard in Resources */ = {isa = PBXBuildFile; fileRef = 06868B8423E2A7D5008CBDD2 /* Main.storyboard */; };
		06868B8823E2A7D7008CBDD2 /* Assets.xcassets in Resources */ = {isa = PBXBuildFile; fileRef = 06868B8723E2A7D7008CBDD2 /* Assets.xcassets */; };
		06868B8B23E2A7D7008CBDD2 /* LaunchScreen.storyboard in Resources */ = {isa = PBXBuildFile; fileRef = 06868B8923E2A7D7008CBDD2 /* LaunchScreen.storyboard */; };
		06868B9623E2A7D7008CBDD2 /* Flixter2Tests.swift in Sources */ = {isa = PBXBuildFile; fileRef = 06868B9523E2A7D7008CBDD2 /* Flixter2Tests.swift */; };
		06868BA123E2A7D7008CBDD2 /* Flixter2UITests.swift in Sources */ = {isa = PBXBuildFile; fileRef = 06868BA023E2A7D7008CBDD2 /* Flixter2UITests.swift */; };
		06868BAF23E2A9C2008CBDD2 /* MoviesViewController.swift in Sources */ = {isa = PBXBuildFile; fileRef = 06868BAE23E2A9C2008CBDD2 /* MoviesViewController.swift */; };
		06868BB123E2B34D008CBDD2 /* MovieCell.swift in Sources */ = {isa = PBXBuildFile; fileRef = 06868BB023E2B34D008CBDD2 /* MovieCell.swift */; };
		3493443F4B5043AD1736AF5A /* Pods_Flixter2_Flixter2UITests.framework in Frameworks */ = {isa = PBXBuildFile; fileRef = A310E1DE042293AAA90AB893 /* Pods_Flixter2_Flixter2UITests.framework */; };
		3D5624EB52536A65C8C0FE5C /* Pods_Flixter2.framework in Frameworks */ = {isa = PBXBuildFile; fileRef = 28C9FE41C49F70C38D3F12B2 /* Pods_Flixter2.framework */; };
		8F81A453111DC467CD9DC17E /* Pods_Flixter2Tests.framework in Frameworks */ = {isa = PBXBuildFile; fileRef = 29DC70B1610A211D6A211ADD /* Pods_Flixter2Tests.framework */; };
/* End PBXBuildFile section */

/* Begin PBXContainerItemProxy section */
		06868B9223E2A7D7008CBDD2 /* PBXContainerItemProxy */ = {
			isa = PBXContainerItemProxy;
			containerPortal = 06868B7323E2A7D5008CBDD2 /* Project object */;
			proxyType = 1;
			remoteGlobalIDString = 06868B7A23E2A7D5008CBDD2;
			remoteInfo = Flixter2;
		};
		06868B9D23E2A7D7008CBDD2 /* PBXContainerItemProxy */ = {
			isa = PBXContainerItemProxy;
			containerPortal = 06868B7323E2A7D5008CBDD2 /* Project object */;
			proxyType = 1;
			remoteGlobalIDString = 06868B7A23E2A7D5008CBDD2;
			remoteInfo = Flixter2;
		};
/* End PBXContainerItemProxy section */

/* Begin PBXFileReference section */
		04AA3DE3610B79B79954FBAF /* Pods-Flixter2-Flixter2UITests.debug.xcconfig */ = {isa = PBXFileReference; includeInIndex = 1; lastKnownFileType = text.xcconfig; name = "Pods-Flixter2-Flixter2UITests.debug.xcconfig"; path = "Target Support Files/Pods-Flixter2-Flixter2UITests/Pods-Flixter2-Flixter2UITests.debug.xcconfig"; sourceTree = "<group>"; };
		061BDFEB23E3B8A200DD0681 /* MovieDetailsViewController.swift */ = {isa = PBXFileReference; lastKnownFileType = sourcecode.swift; path = MovieDetailsViewController.swift; sourceTree = "<group>"; };
		061BDFED23E3C43E00DD0681 /* MovieGridViewController.swift */ = {isa = PBXFileReference; lastKnownFileType = sourcecode.swift; path = MovieGridViewController.swift; sourceTree = "<group>"; };
		064A1DC923E3CD1100964537 /* MovieGridCell.swift */ = {isa = PBXFileReference; lastKnownFileType = sourcecode.swift; path = MovieGridCell.swift; sourceTree = "<group>"; };
		06868B7B23E2A7D5008CBDD2 /* Flixter2.app */ = {isa = PBXFileReference; explicitFileType = wrapper.application; includeInIndex = 0; path = Flixter2.app; sourceTree = BUILT_PRODUCTS_DIR; };
		06868B7E23E2A7D5008CBDD2 /* AppDelegate.swift */ = {isa = PBXFileReference; lastKnownFileType = sourcecode.swift; path = AppDelegate.swift; sourceTree = "<group>"; };
		06868B8023E2A7D5008CBDD2 /* SceneDelegate.swift */ = {isa = PBXFileReference; lastKnownFileType = sourcecode.swift; path = SceneDelegate.swift; sourceTree = "<group>"; };
		06868B8523E2A7D5008CBDD2 /* Base */ = {isa = PBXFileReference; lastKnownFileType = file.storyboard; name = Base; path = Base.lproj/Main.storyboard; sourceTree = "<group>"; };
		06868B8723E2A7D7008CBDD2 /* Assets.xcassets */ = {isa = PBXFileReference; lastKnownFileType = folder.assetcatalog; path = Assets.xcassets; sourceTree = "<group>"; };
		06868B8A23E2A7D7008CBDD2 /* Base */ = {isa = PBXFileReference; lastKnownFileType = file.storyboard; name = Base; path = Base.lproj/LaunchScreen.storyboard; sourceTree = "<group>"; };
		06868B8C23E2A7D7008CBDD2 /* Info.plist */ = {isa = PBXFileReference; lastKnownFileType = text.plist.xml; path = Info.plist; sourceTree = "<group>"; };
		06868B9123E2A7D7008CBDD2 /* Flixter2Tests.xctest */ = {isa = PBXFileReference; explicitFileType = wrapper.cfbundle; includeInIndex = 0; path = Flixter2Tests.xctest; sourceTree = BUILT_PRODUCTS_DIR; };
		06868B9523E2A7D7008CBDD2 /* Flixter2Tests.swift */ = {isa = PBXFileReference; lastKnownFileType = sourcecode.swift; path = Flixter2Tests.swift; sourceTree = "<group>"; };
		06868B9723E2A7D7008CBDD2 /* Info.plist */ = {isa = PBXFileReference; lastKnownFileType = text.plist.xml; path = Info.plist; sourceTree = "<group>"; };
		06868B9C23E2A7D7008CBDD2 /* Flixter2UITests.xctest */ = {isa = PBXFileReference; explicitFileType = wrapper.cfbundle; includeInIndex = 0; path = Flixter2UITests.xctest; sourceTree = BUILT_PRODUCTS_DIR; };
		06868BA023E2A7D7008CBDD2 /* Flixter2UITests.swift */ = {isa = PBXFileReference; lastKnownFileType = sourcecode.swift; path = Flixter2UITests.swift; sourceTree = "<group>"; };
		06868BA223E2A7D7008CBDD2 /* Info.plist */ = {isa = PBXFileReference; lastKnownFileType = text.plist.xml; path = Info.plist; sourceTree = "<group>"; };
		06868BAE23E2A9C2008CBDD2 /* MoviesViewController.swift */ = {isa = PBXFileReference; lastKnownFileType = sourcecode.swift; path = MoviesViewController.swift; sourceTree = "<group>"; };
		06868BB023E2B34D008CBDD2 /* MovieCell.swift */ = {isa = PBXFileReference; lastKnownFileType = sourcecode.swift; path = MovieCell.swift; sourceTree = "<group>"; };
		0AC1FB6A4842EE724CAA57BC /* Pods-Flixter2.release.xcconfig */ = {isa = PBXFileReference; includeInIndex = 1; lastKnownFileType = text.xcconfig; name = "Pods-Flixter2.release.xcconfig"; path = "Target Support Files/Pods-Flixter2/Pods-Flixter2.release.xcconfig"; sourceTree = "<group>"; };
		241EB7685A5C3100299B28AB /* Pods-Flixter2Tests.release.xcconfig */ = {isa = PBXFileReference; includeInIndex = 1; lastKnownFileType = text.xcconfig; name = "Pods-Flixter2Tests.release.xcconfig"; path = "Target Support Files/Pods-Flixter2Tests/Pods-Flixter2Tests.release.xcconfig"; sourceTree = "<group>"; };
		28C9FE41C49F70C38D3F12B2 /* Pods_Flixter2.framework */ = {isa = PBXFileReference; explicitFileType = wrapper.framework; includeInIndex = 0; path = Pods_Flixter2.framework; sourceTree = BUILT_PRODUCTS_DIR; };
		29DC70B1610A211D6A211ADD /* Pods_Flixter2Tests.framework */ = {isa = PBXFileReference; explicitFileType = wrapper.framework; includeInIndex = 0; path = Pods_Flixter2Tests.framework; sourceTree = BUILT_PRODUCTS_DIR; };
		40618D597643056BFFE821DF /* Pods-Flixter2-Flixter2UITests.release.xcconfig */ = {isa = PBXFileReference; includeInIndex = 1; lastKnownFileType = text.xcconfig; name = "Pods-Flixter2-Flixter2UITests.release.xcconfig"; path = "Target Support Files/Pods-Flixter2-Flixter2UITests/Pods-Flixter2-Flixter2UITests.release.xcconfig"; sourceTree = "<group>"; };
		76B16015D932564C5D13350C /* Pods-Flixter2Tests.debug.xcconfig */ = {isa = PBXFileReference; includeInIndex = 1; lastKnownFileType = text.xcconfig; name = "Pods-Flixter2Tests.debug.xcconfig"; path = "Target Support Files/Pods-Flixter2Tests/Pods-Flixter2Tests.debug.xcconfig"; sourceTree = "<group>"; };
		A310E1DE042293AAA90AB893 /* Pods_Flixter2_Flixter2UITests.framework */ = {isa = PBXFileReference; explicitFileType = wrapper.framework; includeInIndex = 0; path = Pods_Flixter2_Flixter2UITests.framework; sourceTree = BUILT_PRODUCTS_DIR; };
		EB4378E6DF99814363362592 /* Pods-Flixter2.debug.xcconfig */ = {isa = PBXFileReference; includeInIndex = 1; lastKnownFileType = text.xcconfig; name = "Pods-Flixter2.debug.xcconfig"; path = "Target Support Files/Pods-Flixter2/Pods-Flixter2.debug.xcconfig"; sourceTree = "<group>"; };
/* End PBXFileReference section */

/* Begin PBXFrameworksBuildPhase section */
		06868B7823E2A7D5008CBDD2 /* Frameworks */ = {
			isa = PBXFrameworksBuildPhase;
			buildActionMask = 2147483647;
			files = (
				3D5624EB52536A65C8C0FE5C /* Pods_Flixter2.framework in Frameworks */,
			);
			runOnlyForDeploymentPostprocessing = 0;
		};
		06868B8E23E2A7D7008CBDD2 /* Frameworks */ = {
			isa = PBXFrameworksBuildPhase;
			buildActionMask = 2147483647;
			files = (
				8F81A453111DC467CD9DC17E /* Pods_Flixter2Tests.framework in Frameworks */,
			);
			runOnlyForDeploymentPostprocessing = 0;
		};
		06868B9923E2A7D7008CBDD2 /* Frameworks */ = {
			isa = PBXFrameworksBuildPhase;
			buildActionMask = 2147483647;
			files = (
				3493443F4B5043AD1736AF5A /* Pods_Flixter2_Flixter2UITests.framework in Frameworks */,
			);
			runOnlyForDeploymentPostprocessing = 0;
		};
/* End PBXFrameworksBuildPhase section */

/* Begin PBXGroup section */
		06868B7223E2A7D5008CBDD2 = {
			isa = PBXGroup;
			children = (
				06868B7D23E2A7D5008CBDD2 /* Flixter2 */,
				06868B9423E2A7D7008CBDD2 /* Flixter2Tests */,
				06868B9F23E2A7D7008CBDD2 /* Flixter2UITests */,
				06868B7C23E2A7D5008CBDD2 /* Products */,
				4FB39696509BB7C1A1455F33 /* Pods */,
				77D14FC454DDE71F4D3E5225 /* Frameworks */,
			);
			sourceTree = "<group>";
		};
		06868B7C23E2A7D5008CBDD2 /* Products */ = {
			isa = PBXGroup;
			children = (
				06868B7B23E2A7D5008CBDD2 /* Flixter2.app */,
				06868B9123E2A7D7008CBDD2 /* Flixter2Tests.xctest */,
				06868B9C23E2A7D7008CBDD2 /* Flixter2UITests.xctest */,
			);
			name = Products;
			sourceTree = "<group>";
		};
		06868B7D23E2A7D5008CBDD2 /* Flixter2 */ = {
			isa = PBXGroup;
			children = (
				06868B7E23E2A7D5008CBDD2 /* AppDelegate.swift */,
				06868B8023E2A7D5008CBDD2 /* SceneDelegate.swift */,
				06868BAE23E2A9C2008CBDD2 /* MoviesViewController.swift */,
				06868B8423E2A7D5008CBDD2 /* Main.storyboard */,
				064A1DC923E3CD1100964537 /* MovieGridCell.swift */,
				06868B8723E2A7D7008CBDD2 /* Assets.xcassets */,
				06868B8923E2A7D7008CBDD2 /* LaunchScreen.storyboard */,
				06868B8C23E2A7D7008CBDD2 /* Info.plist */,
				06868BB023E2B34D008CBDD2 /* MovieCell.swift */,
				061BDFEB23E3B8A200DD0681 /* MovieDetailsViewController.swift */,
				061BDFED23E3C43E00DD0681 /* MovieGridViewController.swift */,
			);
			path = Flixter2;
			sourceTree = "<group>";
		};
		06868B9423E2A7D7008CBDD2 /* Flixter2Tests */ = {
			isa = PBXGroup;
			children = (
				06868B9523E2A7D7008CBDD2 /* Flixter2Tests.swift */,
				06868B9723E2A7D7008CBDD2 /* Info.plist */,
			);
			path = Flixter2Tests;
			sourceTree = "<group>";
		};
		06868B9F23E2A7D7008CBDD2 /* Flixter2UITests */ = {
			isa = PBXGroup;
			children = (
				06868BA023E2A7D7008CBDD2 /* Flixter2UITests.swift */,
				06868BA223E2A7D7008CBDD2 /* Info.plist */,
			);
			path = Flixter2UITests;
			sourceTree = "<group>";
		};
		4FB39696509BB7C1A1455F33 /* Pods */ = {
			isa = PBXGroup;
			children = (
				EB4378E6DF99814363362592 /* Pods-Flixter2.debug.xcconfig */,
				0AC1FB6A4842EE724CAA57BC /* Pods-Flixter2.release.xcconfig */,
				04AA3DE3610B79B79954FBAF /* Pods-Flixter2-Flixter2UITests.debug.xcconfig */,
				40618D597643056BFFE821DF /* Pods-Flixter2-Flixter2UITests.release.xcconfig */,
				76B16015D932564C5D13350C /* Pods-Flixter2Tests.debug.xcconfig */,
				241EB7685A5C3100299B28AB /* Pods-Flixter2Tests.release.xcconfig */,
			);
			path = Pods;
			sourceTree = "<group>";
		};
		77D14FC454DDE71F4D3E5225 /* Frameworks */ = {
			isa = PBXGroup;
			children = (
				28C9FE41C49F70C38D3F12B2 /* Pods_Flixter2.framework */,
				A310E1DE042293AAA90AB893 /* Pods_Flixter2_Flixter2UITests.framework */,
				29DC70B1610A211D6A211ADD /* Pods_Flixter2Tests.framework */,
			);
			name = Frameworks;
			sourceTree = "<group>";
		};
/* End PBXGroup section */

/* Begin PBXNativeTarget section */
		06868B7A23E2A7D5008CBDD2 /* Flixter2 */ = {
			isa = PBXNativeTarget;
			buildConfigurationList = 06868BA523E2A7D7008CBDD2 /* Build configuration list for PBXNativeTarget "Flixter2" */;
			buildPhases = (
				459F4480CFC54695DC264583 /* [CP] Check Pods Manifest.lock */,
				06868B7723E2A7D5008CBDD2 /* Sources */,
				06868B7823E2A7D5008CBDD2 /* Frameworks */,
				06868B7923E2A7D5008CBDD2 /* Resources */,
				B4EC9B8CFA6F2F014AAE137B /* [CP] Embed Pods Frameworks */,
			);
			buildRules = (
			);
			dependencies = (
			);
			name = Flixter2;
			productName = Flixter2;
			productReference = 06868B7B23E2A7D5008CBDD2 /* Flixter2.app */;
			productType = "com.apple.product-type.application";
		};
		06868B9023E2A7D7008CBDD2 /* Flixter2Tests */ = {
			isa = PBXNativeTarget;
			buildConfigurationList = 06868BA823E2A7D7008CBDD2 /* Build configuration list for PBXNativeTarget "Flixter2Tests" */;
			buildPhases = (
				9D7B2E00B4C3EE0A71CB1E9A /* [CP] Check Pods Manifest.lock */,
				06868B8D23E2A7D7008CBDD2 /* Sources */,
				06868B8E23E2A7D7008CBDD2 /* Frameworks */,
				06868B8F23E2A7D7008CBDD2 /* Resources */,
			);
			buildRules = (
			);
			dependencies = (
				06868B9323E2A7D7008CBDD2 /* PBXTargetDependency */,
			);
			name = Flixter2Tests;
			productName = Flixter2Tests;
			productReference = 06868B9123E2A7D7008CBDD2 /* Flixter2Tests.xctest */;
			productType = "com.apple.product-type.bundle.unit-test";
		};
		06868B9B23E2A7D7008CBDD2 /* Flixter2UITests */ = {
			isa = PBXNativeTarget;
			buildConfigurationList = 06868BAB23E2A7D7008CBDD2 /* Build configuration list for PBXNativeTarget "Flixter2UITests" */;
			buildPhases = (
				A5B8CCADA4DCA56C74E53A30 /* [CP] Check Pods Manifest.lock */,
				06868B9823E2A7D7008CBDD2 /* Sources */,
				06868B9923E2A7D7008CBDD2 /* Frameworks */,
				06868B9A23E2A7D7008CBDD2 /* Resources */,
				C7F2892C066FDCB0A1193432 /* [CP] Embed Pods Frameworks */,
			);
			buildRules = (
			);
			dependencies = (
				06868B9E23E2A7D7008CBDD2 /* PBXTargetDependency */,
			);
			name = Flixter2UITests;
			productName = Flixter2UITests;
			productReference = 06868B9C23E2A7D7008CBDD2 /* Flixter2UITests.xctest */;
			productType = "com.apple.product-type.bundle.ui-testing";
		};
/* End PBXNativeTarget section */

/* Begin PBXProject section */
		06868B7323E2A7D5008CBDD2 /* Project object */ = {
			isa = PBXProject;
			attributes = {
				LastSwiftUpdateCheck = 1130;
				LastUpgradeCheck = 1130;
				ORGANIZATIONNAME = "faborange610@gmail.com";
				TargetAttributes = {
					06868B7A23E2A7D5008CBDD2 = {
						CreatedOnToolsVersion = 11.3.1;
					};
					06868B9023E2A7D7008CBDD2 = {
						CreatedOnToolsVersion = 11.3.1;
						TestTargetID = 06868B7A23E2A7D5008CBDD2;
					};
					06868B9B23E2A7D7008CBDD2 = {
						CreatedOnToolsVersion = 11.3.1;
						TestTargetID = 06868B7A23E2A7D5008CBDD2;
					};
				};
			};
			buildConfigurationList = 06868B7623E2A7D5008CBDD2 /* Build configuration list for PBXProject "Flixter2" */;
			compatibilityVersion = "Xcode 9.3";
			developmentRegion = en;
			hasScannedForEncodings = 0;
			knownRegions = (
				en,
				Base,
			);
			mainGroup = 06868B7223E2A7D5008CBDD2;
			productRefGroup = 06868B7C23E2A7D5008CBDD2 /* Products */;
			projectDirPath = "";
			projectRoot = "";
			targets = (
				06868B7A23E2A7D5008CBDD2 /* Flixter2 */,
				06868B9023E2A7D7008CBDD2 /* Flixter2Tests */,
				06868B9B23E2A7D7008CBDD2 /* Flixter2UITests */,
			);
		};
/* End PBXProject section */

/* Begin PBXResourcesBuildPhase section */
		06868B7923E2A7D5008CBDD2 /* Resources */ = {
			isa = PBXResourcesBuildPhase;
			buildActionMask = 2147483647;
			files = (
				06868B8B23E2A7D7008CBDD2 /* LaunchScreen.storyboard in Resources */,
				06868B8823E2A7D7008CBDD2 /* Assets.xcassets in Resources */,
				06868B8623E2A7D5008CBDD2 /* Main.storyboard in Resources */,
			);
			runOnlyForDeploymentPostprocessing = 0;
		};
		06868B8F23E2A7D7008CBDD2 /* Resources */ = {
			isa = PBXResourcesBuildPhase;
			buildActionMask = 2147483647;
			files = (
			);
			runOnlyForDeploymentPostprocessing = 0;
		};
		06868B9A23E2A7D7008CBDD2 /* Resources */ = {
			isa = PBXResourcesBuildPhase;
			buildActionMask = 2147483647;
			files = (
			);
			runOnlyForDeploymentPostprocessing = 0;
		};
/* End PBXResourcesBuildPhase section */

/* Begin PBXShellScriptBuildPhase section */
		459F4480CFC54695DC264583 /* [CP] Check Pods Manifest.lock */ = {
			isa = PBXShellScriptBuildPhase;
			buildActionMask = 2147483647;
			files = (
			);
			inputFileListPaths = (
			);
			inputPaths = (
				"${PODS_PODFILE_DIR_PATH}/Podfile.lock",
				"${PODS_ROOT}/Manifest.lock",
			);
			name = "[CP] Check Pods Manifest.lock";
			outputFileListPaths = (
			);
			outputPaths = (
				"$(DERIVED_FILE_DIR)/Pods-Flixter2-checkManifestLockResult.txt",
			);
			runOnlyForDeploymentPostprocessing = 0;
			shellPath = /bin/sh;
			shellScript = "diff \"${PODS_PODFILE_DIR_PATH}/Podfile.lock\" \"${PODS_ROOT}/Manifest.lock\" > /dev/null\nif [ $? != 0 ] ; then\n    # print error to STDERR\n    echo \"error: The sandbox is not in sync with the Podfile.lock. Run 'pod install' or update your CocoaPods installation.\" >&2\n    exit 1\nfi\n# This output is used by Xcode 'outputs' to avoid re-running this script phase.\necho \"SUCCESS\" > \"${SCRIPT_OUTPUT_FILE_0}\"\n";
			showEnvVarsInLog = 0;
		};
		9D7B2E00B4C3EE0A71CB1E9A /* [CP] Check Pods Manifest.lock */ = {
			isa = PBXShellScriptBuildPhase;
			buildActionMask = 2147483647;
			files = (
			);
			inputFileListPaths = (
			);
			inputPaths = (
				"${PODS_PODFILE_DIR_PATH}/Podfile.lock",
				"${PODS_ROOT}/Manifest.lock",
			);
			name = "[CP] Check Pods Manifest.lock";
			outputFileListPaths = (
			);
			outputPaths = (
				"$(DERIVED_FILE_DIR)/Pods-Flixter2Tests-checkManifestLockResult.txt",
			);
			runOnlyForDeploymentPostprocessing = 0;
			shellPath = /bin/sh;
			shellScript = "diff \"${PODS_PODFILE_DIR_PATH}/Podfile.lock\" \"${PODS_ROOT}/Manifest.lock\" > /dev/null\nif [ $? != 0 ] ; then\n    # print error to STDERR\n    echo \"error: The sandbox is not in sync with the Podfile.lock. Run 'pod install' or update your CocoaPods installation.\" >&2\n    exit 1\nfi\n# This output is used by Xcode 'outputs' to avoid re-running this script phase.\necho \"SUCCESS\" > \"${SCRIPT_OUTPUT_FILE_0}\"\n";
			showEnvVarsInLog = 0;
		};
		A5B8CCADA4DCA56C74E53A30 /* [CP] Check Pods Manifest.lock */ = {
			isa = PBXShellScriptBuildPhase;
			buildActionMask = 2147483647;
			files = (
			);
			inputFileListPaths = (
			);
			inputPaths = (
				"${PODS_PODFILE_DIR_PATH}/Podfile.lock",
				"${PODS_ROOT}/Manifest.lock",
			);
			name = "[CP] Check Pods Manifest.lock";
			outputFileListPaths = (
			);
			outputPaths = (
				"$(DERIVED_FILE_DIR)/Pods-Flixter2-Flixter2UITests-checkManifestLockResult.txt",
			);
			runOnlyForDeploymentPostprocessing = 0;
			shellPath = /bin/sh;
			shellScript = "diff \"${PODS_PODFILE_DIR_PATH}/Podfile.lock\" \"${PODS_ROOT}/Manifest.lock\" > /dev/null\nif [ $? != 0 ] ; then\n    # print error to STDERR\n    echo \"error: The sandbox is not in sync with the Podfile.lock. Run 'pod install' or update your CocoaPods installation.\" >&2\n    exit 1\nfi\n# This output is used by Xcode 'outputs' to avoid re-running this script phase.\necho \"SUCCESS\" > \"${SCRIPT_OUTPUT_FILE_0}\"\n";
			showEnvVarsInLog = 0;
		};
		B4EC9B8CFA6F2F014AAE137B /* [CP] Embed Pods Frameworks */ = {
			isa = PBXShellScriptBuildPhase;
			buildActionMask = 2147483647;
			files = (
			);
			inputFileListPaths = (
				"${PODS_ROOT}/Target Support Files/Pods-Flixter2/Pods-Flixter2-frameworks-${CONFIGURATION}-input-files.xcfilelist",
			);
			name = "[CP] Embed Pods Frameworks";
			outputFileListPaths = (
				"${PODS_ROOT}/Target Support Files/Pods-Flixter2/Pods-Flixter2-frameworks-${CONFIGURATION}-output-files.xcfilelist",
			);
			runOnlyForDeploymentPostprocessing = 0;
			shellPath = /bin/sh;
			shellScript = "\"${PODS_ROOT}/Target Support Files/Pods-Flixter2/Pods-Flixter2-frameworks.sh\"\n";
			showEnvVarsInLog = 0;
		};
		C7F2892C066FDCB0A1193432 /* [CP] Embed Pods Frameworks */ = {
			isa = PBXShellScriptBuildPhase;
			buildActionMask = 2147483647;
			files = (
			);
			inputFileListPaths = (
				"${PODS_ROOT}/Target Support Files/Pods-Flixter2-Flixter2UITests/Pods-Flixter2-Flixter2UITests-frameworks-${CONFIGURATION}-input-files.xcfilelist",
			);
			name = "[CP] Embed Pods Frameworks";
			outputFileListPaths = (
				"${PODS_ROOT}/Target Support Files/Pods-Flixter2-Flixter2UITests/Pods-Flixter2-Flixter2UITests-frameworks-${CONFIGURATION}-output-files.xcfilelist",
			);
			runOnlyForDeploymentPostprocessing = 0;
			shellPath = /bin/sh;
			shellScript = "\"${PODS_ROOT}/Target Support Files/Pods-Flixter2-Flixter2UITests/Pods-Flixter2-Flixter2UITests-frameworks.sh\"\n";
			showEnvVarsInLog = 0;
		};
/* End PBXShellScriptBuildPhase section */

/* Begin PBXSourcesBuildPhase section */
		06868B7723E2A7D5008CBDD2 /* Sources */ = {
			isa = PBXSourcesBuildPhase;
			buildActionMask = 2147483647;
			files = (
				061BDFEC23E3B8A200DD0681 /* MovieDetailsViewController.swift in Sources */,
				06868B7F23E2A7D5008CBDD2 /* AppDelegate.swift in Sources */,
				06868B8123E2A7D5008CBDD2 /* SceneDelegate.swift in Sources */,
				06868BB123E2B34D008CBDD2 /* MovieCell.swift in Sources */,
				06868BAF23E2A9C2008CBDD2 /* MoviesViewController.swift in Sources */,
				061BDFEE23E3C43E00DD0681 /* MovieGridViewController.swift in Sources */,
				064A1DCA23E3CD1100964537 /* MovieGridCell.swift in Sources */,
			);
			runOnlyForDeploymentPostprocessing = 0;
		};
		06868B8D23E2A7D7008CBDD2 /* Sources */ = {
			isa = PBXSourcesBuildPhase;
			buildActionMask = 2147483647;
			files = (
				06868B9623E2A7D7008CBDD2 /* Flixter2Tests.swift in Sources */,
			);
			runOnlyForDeploymentPostprocessing = 0;
		};
		06868B9823E2A7D7008CBDD2 /* Sources */ = {
			isa = PBXSourcesBuildPhase;
			buildActionMask = 2147483647;
			files = (
				06868BA123E2A7D7008CBDD2 /* Flixter2UITests.swift in Sources */,
			);
			runOnlyForDeploymentPostprocessing = 0;
		};
/* End PBXSourcesBuildPhase section */

/* Begin PBXTargetDependency section */
		06868B9323E2A7D7008CBDD2 /* PBXTargetDependency */ = {
			isa = PBXTargetDependency;
			target = 06868B7A23E2A7D5008CBDD2 /* Flixter2 */;
			targetProxy = 06868B9223E2A7D7008CBDD2 /* PBXContainerItemProxy */;
		};
		06868B9E23E2A7D7008CBDD2 /* PBXTargetDependency */ = {
			isa = PBXTargetDependency;
			target = 06868B7A23E2A7D5008CBDD2 /* Flixter2 */;
			targetProxy = 06868B9D23E2A7D7008CBDD2 /* PBXContainerItemProxy */;
		};
/* End PBXTargetDependency section */

/* Begin PBXVariantGroup section */
		06868B8423E2A7D5008CBDD2 /* Main.storyboard */ = {
			isa = PBXVariantGroup;
			children = (
				06868B8523E2A7D5008CBDD2 /* Base */,
			);
			name = Main.storyboard;
			sourceTree = "<group>";
		};
		06868B8923E2A7D7008CBDD2 /* LaunchScreen.storyboard */ = {
			isa = PBXVariantGroup;
			children = (
				06868B8A23E2A7D7008CBDD2 /* Base */,
			);
			name = LaunchScreen.storyboard;
			sourceTree = "<group>";
		};
/* End PBXVariantGroup section */

/* Begin XCBuildConfiguration section */
		06868BA323E2A7D7008CBDD2 /* Debug */ = {
			isa = XCBuildConfiguration;
			buildSettings = {
				ALWAYS_SEARCH_USER_PATHS = NO;
				CLANG_ANALYZER_NONNULL = YES;
				CLANG_ANALYZER_NUMBER_OBJECT_CONVERSION = YES_AGGRESSIVE;
				CLANG_CXX_LANGUAGE_STANDARD = "gnu++14";
				CLANG_CXX_LIBRARY = "libc++";
				CLANG_ENABLE_MODULES = YES;
				CLANG_ENABLE_OBJC_ARC = YES;
				CLANG_ENABLE_OBJC_WEAK = YES;
				CLANG_WARN_BLOCK_CAPTURE_AUTORELEASING = YES;
				CLANG_WARN_BOOL_CONVERSION = YES;
				CLANG_WARN_COMMA = YES;
				CLANG_WARN_CONSTANT_CONVERSION = YES;
				CLANG_WARN_DEPRECATED_OBJC_IMPLEMENTATIONS = YES;
				CLANG_WARN_DIRECT_OBJC_ISA_USAGE = YES_ERROR;
				CLANG_WARN_DOCUMENTATION_COMMENTS = YES;
				CLANG_WARN_EMPTY_BODY = YES;
				CLANG_WARN_ENUM_CONVERSION = YES;
				CLANG_WARN_INFINITE_RECURSION = YES;
				CLANG_WARN_INT_CONVERSION = YES;
				CLANG_WARN_NON_LITERAL_NULL_CONVERSION = YES;
				CLANG_WARN_OBJC_IMPLICIT_RETAIN_SELF = YES;
				CLANG_WARN_OBJC_LITERAL_CONVERSION = YES;
				CLANG_WARN_OBJC_ROOT_CLASS = YES_ERROR;
				CLANG_WARN_RANGE_LOOP_ANALYSIS = YES;
				CLANG_WARN_STRICT_PROTOTYPES = YES;
				CLANG_WARN_SUSPICIOUS_MOVE = YES;
				CLANG_WARN_UNGUARDED_AVAILABILITY = YES_AGGRESSIVE;
				CLANG_WARN_UNREACHABLE_CODE = YES;
				CLANG_WARN__DUPLICATE_METHOD_MATCH = YES;
				COPY_PHASE_STRIP = NO;
				DEBUG_INFORMATION_FORMAT = dwarf;
				ENABLE_STRICT_OBJC_MSGSEND = YES;
				ENABLE_TESTABILITY = YES;
				GCC_C_LANGUAGE_STANDARD = gnu11;
				GCC_DYNAMIC_NO_PIC = NO;
				GCC_NO_COMMON_BLOCKS = YES;
				GCC_OPTIMIZATION_LEVEL = 0;
				GCC_PREPROCESSOR_DEFINITIONS = (
					"DEBUG=1",
					"$(inherited)",
				);
				GCC_WARN_64_TO_32_BIT_CONVERSION = YES;
				GCC_WARN_ABOUT_RETURN_TYPE = YES_ERROR;
				GCC_WARN_UNDECLARED_SELECTOR = YES;
				GCC_WARN_UNINITIALIZED_AUTOS = YES_AGGRESSIVE;
				GCC_WARN_UNUSED_FUNCTION = YES;
				GCC_WARN_UNUSED_VARIABLE = YES;
				IPHONEOS_DEPLOYMENT_TARGET = 13.2;
				MTL_ENABLE_DEBUG_INFO = INCLUDE_SOURCE;
				MTL_FAST_MATH = YES;
				ONLY_ACTIVE_ARCH = YES;
				SDKROOT = iphoneos;
				SWIFT_ACTIVE_COMPILATION_CONDITIONS = DEBUG;
				SWIFT_OPTIMIZATION_LEVEL = "-Onone";
			};
			name = Debug;
		};
		06868BA423E2A7D7008CBDD2 /* Release */ = {
			isa = XCBuildConfiguration;
			buildSettings = {
				ALWAYS_SEARCH_USER_PATHS = NO;
				CLANG_ANALYZER_NONNULL = YES;
				CLANG_ANALYZER_NUMBER_OBJECT_CONVERSION = YES_AGGRESSIVE;
				CLANG_CXX_LANGUAGE_STANDARD = "gnu++14";
				CLANG_CXX_LIBRARY = "libc++";
				CLANG_ENABLE_MODULES = YES;
				CLANG_ENABLE_OBJC_ARC = YES;
				CLANG_ENABLE_OBJC_WEAK = YES;
				CLANG_WARN_BLOCK_CAPTURE_AUTORELEASING = YES;
				CLANG_WARN_BOOL_CONVERSION = YES;
				CLANG_WARN_COMMA = YES;
				CLANG_WARN_CONSTANT_CONVERSION = YES;
				CLANG_WARN_DEPRECATED_OBJC_IMPLEMENTATIONS = YES;
				CLANG_WARN_DIRECT_OBJC_ISA_USAGE = YES_ERROR;
				CLANG_WARN_DOCUMENTATION_COMMENTS = YES;
				CLANG_WARN_EMPTY_BODY = YES;
				CLANG_WARN_ENUM_CONVERSION = YES;
				CLANG_WARN_INFINITE_RECURSION = YES;
				CLANG_WARN_INT_CONVERSION = YES;
				CLANG_WARN_NON_LITERAL_NULL_CONVERSION = YES;
				CLANG_WARN_OBJC_IMPLICIT_RETAIN_SELF = YES;
				CLANG_WARN_OBJC_LITERAL_CONVERSION = YES;
				CLANG_WARN_OBJC_ROOT_CLASS = YES_ERROR;
				CLANG_WARN_RANGE_LOOP_ANALYSIS = YES;
				CLANG_WARN_STRICT_PROTOTYPES = YES;
				CLANG_WARN_SUSPICIOUS_MOVE = YES;
				CLANG_WARN_UNGUARDED_AVAILABILITY = YES_AGGRESSIVE;
				CLANG_WARN_UNREACHABLE_CODE = YES;
				CLANG_WARN__DUPLICATE_METHOD_MATCH = YES;
				COPY_PHASE_STRIP = NO;
				DEBUG_INFORMATION_FORMAT = "dwarf-with-dsym";
				ENABLE_NS_ASSERTIONS = NO;
				ENABLE_STRICT_OBJC_MSGSEND = YES;
				GCC_C_LANGUAGE_STANDARD = gnu11;
				GCC_NO_COMMON_BLOCKS = YES;
				GCC_WARN_64_TO_32_BIT_CONVERSION = YES;
				GCC_WARN_ABOUT_RETURN_TYPE = YES_ERROR;
				GCC_WARN_UNDECLARED_SELECTOR = YES;
				GCC_WARN_UNINITIALIZED_AUTOS = YES_AGGRESSIVE;
				GCC_WARN_UNUSED_FUNCTION = YES;
				GCC_WARN_UNUSED_VARIABLE = YES;
				IPHONEOS_DEPLOYMENT_TARGET = 13.2;
				MTL_ENABLE_DEBUG_INFO = NO;
				MTL_FAST_MATH = YES;
				SDKROOT = iphoneos;
				SWIFT_COMPILATION_MODE = wholemodule;
				SWIFT_OPTIMIZATION_LEVEL = "-O";
				VALIDATE_PRODUCT = YES;
			};
			name = Release;
		};
		06868BA623E2A7D7008CBDD2 /* Debug */ = {
			isa = XCBuildConfiguration;
			baseConfigurationReference = EB4378E6DF99814363362592 /* Pods-Flixter2.debug.xcconfig */;
			buildSettings = {
				ASSETCATALOG_COMPILER_APPICON_NAME = AppIcon;
				CODE_SIGN_STYLE = Automatic;
				DEVELOPMENT_TEAM = 7KUJCW2Z58;
				INFOPLIST_FILE = Flixter2/Info.plist;
				LD_RUNPATH_SEARCH_PATHS = (
					"$(inherited)",
					"@executable_path/Frameworks",
				);
				PRODUCT_BUNDLE_IDENTIFIER = CopePath.Flixter2;
				PRODUCT_NAME = "$(TARGET_NAME)";
				SWIFT_VERSION = 5.0;
				TARGETED_DEVICE_FAMILY = "1,2";
			};
			name = Debug;
		};
		06868BA723E2A7D7008CBDD2 /* Release */ = {
			isa = XCBuildConfiguration;
			baseConfigurationReference = 0AC1FB6A4842EE724CAA57BC /* Pods-Flixter2.release.xcconfig */;
			buildSettings = {
				ASSETCATALOG_COMPILER_APPICON_NAME = AppIcon;
				CODE_SIGN_STYLE = Automatic;
				DEVELOPMENT_TEAM = 7KUJCW2Z58;
				INFOPLIST_FILE = Flixter2/Info.plist;
				LD_RUNPATH_SEARCH_PATHS = (
					"$(inherited)",
					"@executable_path/Frameworks",
				);
				PRODUCT_BUNDLE_IDENTIFIER = CopePath.Flixter2;
				PRODUCT_NAME = "$(TARGET_NAME)";
				SWIFT_VERSION = 5.0;
				TARGETED_DEVICE_FAMILY = "1,2";
			};
			name = Release;
		};
		06868BA923E2A7D7008CBDD2 /* Debug */ = {
			isa = XCBuildConfiguration;
			baseConfigurationReference = 76B16015D932564C5D13350C /* Pods-Flixter2Tests.debug.xcconfig */;
			buildSettings = {
				ALWAYS_EMBED_SWIFT_STANDARD_LIBRARIES = YES;
				BUNDLE_LOADER = "$(TEST_HOST)";
				CODE_SIGN_STYLE = Automatic;
				DEVELOPMENT_TEAM = 7KUJCW2Z58;
				INFOPLIST_FILE = Flixter2Tests/Info.plist;
				IPHONEOS_DEPLOYMENT_TARGET = 13.2;
				LD_RUNPATH_SEARCH_PATHS = (
					"$(inherited)",
					"@executable_path/Frameworks",
					"@loader_path/Frameworks",
				);
				PRODUCT_BUNDLE_IDENTIFIER = CopePath.Flixter2Tests;
				PRODUCT_NAME = "$(TARGET_NAME)";
				SWIFT_VERSION = 5.0;
				TARGETED_DEVICE_FAMILY = "1,2";
				TEST_HOST = "$(BUILT_PRODUCTS_DIR)/Flixter2.app/Flixter2";
			};
			name = Debug;
		};
		06868BAA23E2A7D7008CBDD2 /* Release */ = {
			isa = XCBuildConfiguration;
			baseConfigurationReference = 241EB7685A5C3100299B28AB /* Pods-Flixter2Tests.release.xcconfig */;
			buildSettings = {
				ALWAYS_EMBED_SWIFT_STANDARD_LIBRARIES = YES;
				BUNDLE_LOADER = "$(TEST_HOST)";
				CODE_SIGN_STYLE = Automatic;
				DEVELOPMENT_TEAM = 7KUJCW2Z58;
				INFOPLIST_FILE = Flixter2Tests/Info.plist;
				IPHONEOS_DEPLOYMENT_TARGET = 13.2;
				LD_RUNPATH_SEARCH_PATHS = (
					"$(inherited)",
					"@executable_path/Frameworks",
					"@loader_path/Frameworks",
				);
				PRODUCT_BUNDLE_IDENTIFIER = CopePath.Flixter2Tests;
				PRODUCT_NAME = "$(TARGET_NAME)";
				SWIFT_VERSION = 5.0;
				TARGETED_DEVICE_FAMILY = "1,2";
				TEST_HOST = "$(BUILT_PRODUCTS_DIR)/Flixter2.app/Flixter2";
			};
			name = Release;
		};
		06868BAC23E2A7D7008CBDD2 /* Debug */ = {
			isa = XCBuildConfiguration;
			baseConfigurationReference = 04AA3DE3610B79B79954FBAF /* Pods-Flixter2-Flixter2UITests.debug.xcconfig */;
			buildSettings = {
				ALWAYS_EMBED_SWIFT_STANDARD_LIBRARIES = YES;
				CODE_SIGN_STYLE = Automatic;
				DEVELOPMENT_TEAM = 7KUJCW2Z58;
				INFOPLIST_FILE = Flixter2UITests/Info.plist;
				LD_RUNPATH_SEARCH_PATHS = (
					"$(inherited)",
					"@executable_path/Frameworks",
					"@loader_path/Frameworks",
				);
				PRODUCT_BUNDLE_IDENTIFIER = CopePath.Flixter2UITests;
				PRODUCT_NAME = "$(TARGET_NAME)";
				SWIFT_VERSION = 5.0;
				TARGETED_DEVICE_FAMILY = "1,2";
				TEST_TARGET_NAME = Flixter2;
			};
			name = Debug;
		};
		06868BAD23E2A7D7008CBDD2 /* Release */ = {
			isa = XCBuildConfiguration;
			baseConfigurationReference = 40618D597643056BFFE821DF /* Pods-Flixter2-Flixter2UITests.release.xcconfig */;
			buildSettings = {
				ALWAYS_EMBED_SWIFT_STANDARD_LIBRARIES = YES;
				CODE_SIGN_STYLE = Automatic;
				DEVELOPMENT_TEAM = 7KUJCW2Z58;
				INFOPLIST_FILE = Flixter2UITests/Info.plist;
				LD_RUNPATH_SEARCH_PATHS = (
					"$(inherited)",
					"@executable_path/Frameworks",
					"@loader_path/Frameworks",
				);
				PRODUCT_BUNDLE_IDENTIFIER = CopePath.Flixter2UITests;
				PRODUCT_NAME = "$(TARGET_NAME)";
				SWIFT_VERSION = 5.0;
				TARGETED_DEVICE_FAMILY = "1,2";
				TEST_TARGET_NAME = Flixter2;
			};
			name = Release;
		};
/* End XCBuildConfiguration section */

/* Begin XCConfigurationList section */
		06868B7623E2A7D5008CBDD2 /* Build configuration list for PBXProject "Flixter2" */ = {
			isa = XCConfigurationList;
			buildConfigurations = (
				06868BA323E2A7D7008CBDD2 /* Debug */,
				06868BA423E2A7D7008CBDD2 /* Release */,
			);
			defaultConfigurationIsVisible = 0;
			defaultConfigurationName = Release;
		};
		06868BA523E2A7D7008CBDD2 /* Build configuration list for PBXNativeTarget "Flixter2" */ = {
			isa = XCConfigurationList;
			buildConfigurations = (
				06868BA623E2A7D7008CBDD2 /* Debug */,
				06868BA723E2A7D7008CBDD2 /* Release */,
			);
			defaultConfigurationIsVisible = 0;
			defaultConfigurationName = Release;
		};
		06868BA823E2A7D7008CBDD2 /* Build configuration list for PBXNativeTarget "Flixter2Tests" */ = {
			isa = XCConfigurationList;
			buildConfigurations = (
				06868BA923E2A7D7008CBDD2 /* Debug */,
				06868BAA23E2A7D7008CBDD2 /* Release */,
			);
			defaultConfigurationIsVisible = 0;
			defaultConfigurationName = Release;
		};
		06868BAB23E2A7D7008CBDD2 /* Build configuration list for PBXNativeTarget "Flixter2UITests" */ = {
			isa = XCConfigurationList;
			buildConfigurations = (
				06868BAC23E2A7D7008CBDD2 /* Debug */,
				06868BAD23E2A7D7008CBDD2 /* Release */,
			);
			defaultConfigurationIsVisible = 0;
			defaultConfigurationName = Release;
		};
/* End XCConfigurationList section */
	};
	rootObject = 06868B7323E2A7D5008CBDD2 /* Project object */;
}
